
Microsoft Visual Studio Solution File, Format Version 12.00
# Visual Studio 14
VisualStudioVersion = 14.0.23107.0
MinimumVisualStudioVersion = 10.0.40219.1
Project("{2150E333-8FDC-42A3-9474-1A3956D46DE8}") = "Demo", "Demo", "{62B98B3F-634C-4AF3-B03F-97F13FC478BC}"
EndProject
Project("{FAE04EC0-301F-11D3-BF4B-00C04F79EFBC}") = "01-MultiThreads", "01-MultiThreads\01-MultiThreads.csproj", "{87CE476D-0406-4873-BCA0-7A13AF30978E}"
EndProject
Project("{FAE04EC0-301F-11D3-BF4B-00C04F79EFBC}") = "xzmcwjzs.ntu.Framework", "xzmcwjzs.ntu.Framework\xzmcwjzs.ntu.Framework.csproj", "{A8A05E80-50CE-48C5-A28A-29199DC00E6B}"
EndProject
Project("{FAE04EC0-301F-11D3-BF4B-00C04F79EFBC}") = "xzmcwjzs.ntu.Bussiness.Interface", "xzmcwjzs.ntu.Bussiness.Interface\xzmcwjzs.ntu.Bussiness.Interface.csproj", "{DAD7E154-626D-4023-A687-00776874F3D8}"
EndProject
Project("{FAE04EC0-301F-11D3-BF4B-00C04F79EFBC}") = "xzmcwjzs.ntu.Bussiness.Service", "xzmcwjzs.ntu.Bussiness.Service\xzmcwjzs.ntu.Bussiness.Service.csproj", "{F03F7874-6403-4FDE-A35D-23B4C1AB36F9}"
EndProject
Project("{FAE04EC0-301F-11D3-BF4B-00C04F79EFBC}") = "xzmcwjzs.ntu.EF.Model", "xzmcwjzs.ntu.EF.Model\xzmcwjzs.ntu.EF.Model.csproj", "{348CAFF3-8550-4D19-ABBA-2E9EA0B453FA}"
EndProject
Project("{FAE04EC0-301F-11D3-BF4B-00C04F79EFBC}") = "xzmcwjzs.ntu.MVC.UI", "xzmcwjzs.ntu.MVC.UI\xzmcwjzs.ntu.MVC.UI.csproj", "{4AC5405D-378C-480B-819D-77C2C9699306}"
EndProject
Project("{FAE04EC0-301F-11D3-BF4B-00C04F79EFBC}") = "02-Crawler(爬虫)", "02-Crawler(爬虫)\02-Crawler(爬虫).csproj", "{986F2CC5-6FD7-4244-AC2C-E114F8B07F5B}"
EndProject
Project("{FAE04EC0-301F-11D3-BF4B-00C04F79EFBC}") = "03-Cache(缓存)", "03-Cache(缓存)\03-Cache(缓存).csproj", "{3F4FDBD3-2457-4139-A51F-2E3308CAF874}"
EndProject
Project("{FAE04EC0-301F-11D3-BF4B-00C04F79EFBC}") = "04-SOA.WCF.Application", "04-SOA.WCF.Application\04-SOA.WCF.Application.csproj", "{6191F786-BCCB-4C12-87C7-51FF838F4226}"
EndProject
Project("{FAE04EC0-301F-11D3-BF4B-00C04F79EFBC}") = "04-SOA.WCF.Console", "04-SOA.WCF.Console\04-SOA.WCF.Console.csproj", "{0CC14F63-ADA5-45E0-98A4-637D5540D403}"
EndProject
Project("{FAE04EC0-301F-11D3-BF4B-00C04F79EFBC}") = "04-SOA.UnitTest", "04-SOA.UnitTest\04-SOA.UnitTest.csproj", "{57483BA0-7062-4853-ABC7-465A2915FDAF}"
	ProjectSection(ProjectDependencies) = postProject
		{6191F786-BCCB-4C12-87C7-51FF838F4226} = {6191F786-BCCB-4C12-87C7-51FF838F4226}
	EndProjectSection
EndProject
Project("{FAE04EC0-301F-11D3-BF4B-00C04F79EFBC}") = "05-EF", "05-EF\05-EF.csproj", "{C3CC2803-356A-4348-9CA9-A382F995F5B8}"
EndProject
Project("{FAE04EC0-301F-11D3-BF4B-00C04F79EFBC}") = "06-IOC", "06-IOC\06-IOC.csproj", "{2A395E4A-5B00-4864-BF73-46E2AA22FDB4}"
EndProject
Project("{FAE04EC0-301F-11D3-BF4B-00C04F79EFBC}") = "07-Attribute(AOP)", "07-Attribute(AOP)\07-Attribute(AOP).csproj", "{19589C7B-95AB-4EE5-8DEB-D2DAE811A08B}"
EndProject
Project("{FAE04EC0-301F-11D3-BF4B-00C04F79EFBC}") = "00-递归", "00-递归\00-递归.csproj", "{3360974B-2AA0-49B9-961E-DFAB728316CA}"
EndProject
Project("{2150E333-8FDC-42A3-9474-1A3956D46DE8}") = "设计模式", "设计模式", "{74EB5325-51E9-431C-825B-B8400E49522E}"
EndProject
Project("{FAE04EC0-301F-11D3-BF4B-00C04F79EFBC}") = "01-单例模式", "01-单例模式\01-单例模式.csproj", "{62C32E05-A6BA-401F-BB75-11536FBA9023}"
EndProject
Project("{FAE04EC0-301F-11D3-BF4B-00C04F79EFBC}") = "02-简单工厂模式", "02-简单工厂模式\02-简单工厂模式.csproj", "{D1C8FC7B-3CD7-410E-B899-EB6089D258B1}"
EndProject
Project("{FAE04EC0-301F-11D3-BF4B-00C04F79EFBC}") = "00-反射", "00-反射\00-反射.csproj", "{62AF5E03-9657-4A6D-A7C3-2D1CE90308FE}"
EndProject
Project("{FAE04EC0-301F-11D3-BF4B-00C04F79EFBC}") = "00-委托与事件", "00-委托与事件\00-委托与事件.csproj", "{8FBB5177-49E2-45DA-A7BE-E40E47615AB4}"
EndProject
Project("{FAE04EC0-301F-11D3-BF4B-00C04F79EFBC}") = "00-Task", "00-Task\00-Task.csproj", "{39615DD2-4903-4079-9E33-303F8CAD0082}"
EndProject
Project("{FAE04EC0-301F-11D3-BF4B-00C04F79EFBC}") = "00-多线程与线程池", "00-多线程与线程池\00-多线程与线程池.csproj", "{8371E04B-BDB2-4EF1-8E38-85FB325BC7BF}"
EndProject
Project("{FAE04EC0-301F-11D3-BF4B-00C04F79EFBC}") = "00-异步编程", "00-异步编程\00-异步编程.csproj", "{BB5AFC3E-69C4-46B6-AEAC-CF4423FFA134}"
EndProject
Project("{2150E333-8FDC-42A3-9474-1A3956D46DE8}") = "RemoteService", "RemoteService", "{5DA3697C-A482-49C9-9BB2-5B864942D04F}"
EndProject
Project("{FAE04EC0-301F-11D3-BF4B-00C04F79EFBC}") = "08-MongoDB", "08-MongoDB\08-MongoDB.csproj", "{6D6AD3EB-80BD-4281-A352-0F469DEAFCE4}"
EndProject
Project("{FAE04EC0-301F-11D3-BF4B-00C04F79EFBC}") = "09-DICOM_Viewer", "09-DICOM_Viewer\09-DICOM_Viewer.csproj", "{750C3856-99DF-44A1-B28F-FED197232C94}"
EndProject
Global
	GlobalSection(SolutionConfigurationPlatforms) = preSolution
		Debug|Any CPU = Debug|Any CPU
		Release|Any CPU = Release|Any CPU
	EndGlobalSection
	GlobalSection(ProjectConfigurationPlatforms) = postSolution
		{87CE476D-0406-4873-BCA0-7A13AF30978E}.Debug|Any CPU.ActiveCfg = Debug|Any CPU
		{87CE476D-0406-4873-BCA0-7A13AF30978E}.Debug|Any CPU.Build.0 = Debug|Any CPU
		{87CE476D-0406-4873-BCA0-7A13AF30978E}.Release|Any CPU.ActiveCfg = Release|Any CPU
		{87CE476D-0406-4873-BCA0-7A13AF30978E}.Release|Any CPU.Build.0 = Release|Any CPU
		{A8A05E80-50CE-48C5-A28A-29199DC00E6B}.Debug|Any CPU.ActiveCfg = Debug|Any CPU
		{A8A05E80-50CE-48C5-A28A-29199DC00E6B}.Debug|Any CPU.Build.0 = Debug|Any CPU
		{A8A05E80-50CE-48C5-A28A-29199DC00E6B}.Release|Any CPU.ActiveCfg = Release|Any CPU
		{A8A05E80-50CE-48C5-A28A-29199DC00E6B}.Release|Any CPU.Build.0 = Release|Any CPU
		{DAD7E154-626D-4023-A687-00776874F3D8}.Debug|Any CPU.ActiveCfg = Debug|Any CPU
		{DAD7E154-626D-4023-A687-00776874F3D8}.Debug|Any CPU.Build.0 = Debug|Any CPU
		{DAD7E154-626D-4023-A687-00776874F3D8}.Release|Any CPU.ActiveCfg = Release|Any CPU
		{DAD7E154-626D-4023-A687-00776874F3D8}.Release|Any CPU.Build.0 = Release|Any CPU
		{F03F7874-6403-4FDE-A35D-23B4C1AB36F9}.Debug|Any CPU.ActiveCfg = Debug|Any CPU
		{F03F7874-6403-4FDE-A35D-23B4C1AB36F9}.Debug|Any CPU.Build.0 = Debug|Any CPU
		{F03F7874-6403-4FDE-A35D-23B4C1AB36F9}.Release|Any CPU.ActiveCfg = Release|Any CPU
		{F03F7874-6403-4FDE-A35D-23B4C1AB36F9}.Release|Any CPU.Build.0 = Release|Any CPU
		{348CAFF3-8550-4D19-ABBA-2E9EA0B453FA}.Debug|Any CPU.ActiveCfg = Debug|Any CPU
		{348CAFF3-8550-4D19-ABBA-2E9EA0B453FA}.Debug|Any CPU.Build.0 = Debug|Any CPU
		{348CAFF3-8550-4D19-ABBA-2E9EA0B453FA}.Release|Any CPU.ActiveCfg = Release|Any CPU
		{348CAFF3-8550-4D19-ABBA-2E9EA0B453FA}.Release|Any CPU.Build.0 = Release|Any CPU
		{4AC5405D-378C-480B-819D-77C2C9699306}.Debug|Any CPU.ActiveCfg = Debug|Any CPU
		{4AC5405D-378C-480B-819D-77C2C9699306}.Debug|Any CPU.Build.0 = Debug|Any CPU
		{4AC5405D-378C-480B-819D-77C2C9699306}.Release|Any CPU.ActiveCfg = Release|Any CPU
		{4AC5405D-378C-480B-819D-77C2C9699306}.Release|Any CPU.Build.0 = Release|Any CPU
		{986F2CC5-6FD7-4244-AC2C-E114F8B07F5B}.Debug|Any CPU.ActiveCfg = Debug|Any CPU
		{986F2CC5-6FD7-4244-AC2C-E114F8B07F5B}.Debug|Any CPU.Build.0 = Debug|Any CPU
		{986F2CC5-6FD7-4244-AC2C-E114F8B07F5B}.Release|Any CPU.ActiveCfg = Release|Any CPU
		{986F2CC5-6FD7-4244-AC2C-E114F8B07F5B}.Release|Any CPU.Build.0 = Release|Any CPU
		{3F4FDBD3-2457-4139-A51F-2E3308CAF874}.Debug|Any CPU.ActiveCfg = Debug|Any CPU
		{3F4FDBD3-2457-4139-A51F-2E3308CAF874}.Debug|Any CPU.Build.0 = Debug|Any CPU
		{3F4FDBD3-2457-4139-A51F-2E3308CAF874}.Release|Any CPU.ActiveCfg = Release|Any CPU
		{3F4FDBD3-2457-4139-A51F-2E3308CAF874}.Release|Any CPU.Build.0 = Release|Any CPU
		{6191F786-BCCB-4C12-87C7-51FF838F4226}.Debug|Any CPU.ActiveCfg = Debug|Any CPU
		{6191F786-BCCB-4C12-87C7-51FF838F4226}.Debug|Any CPU.Build.0 = Debug|Any CPU
		{6191F786-BCCB-4C12-87C7-51FF838F4226}.Release|Any CPU.ActiveCfg = Release|Any CPU
		{6191F786-BCCB-4C12-87C7-51FF838F4226}.Release|Any CPU.Build.0 = Release|Any CPU
		{0CC14F63-ADA5-45E0-98A4-637D5540D403}.Debug|Any CPU.ActiveCfg = Debug|Any CPU
		{0CC14F63-ADA5-45E0-98A4-637D5540D403}.Debug|Any CPU.Build.0 = Debug|Any CPU
		{0CC14F63-ADA5-45E0-98A4-637D5540D403}.Release|Any CPU.ActiveCfg = Release|Any CPU
		{0CC14F63-ADA5-45E0-98A4-637D5540D403}.Release|Any CPU.Build.0 = Release|Any CPU
		{57483BA0-7062-4853-ABC7-465A2915FDAF}.Debug|Any CPU.ActiveCfg = Debug|Any CPU
		{57483BA0-7062-4853-ABC7-465A2915FDAF}.Debug|Any CPU.Build.0 = Debug|Any CPU
		{57483BA0-7062-4853-ABC7-465A2915FDAF}.Release|Any CPU.ActiveCfg = Release|Any CPU
		{57483BA0-7062-4853-ABC7-465A2915FDAF}.Release|Any CPU.Build.0 = Release|Any CPU
		{C3CC2803-356A-4348-9CA9-A382F995F5B8}.Debug|Any CPU.ActiveCfg = Debug|Any CPU
		{C3CC2803-356A-4348-9CA9-A382F995F5B8}.Debug|Any CPU.Build.0 = Debug|Any CPU
		{C3CC2803-356A-4348-9CA9-A382F995F5B8}.Release|Any CPU.ActiveCfg = Release|Any CPU
		{C3CC2803-356A-4348-9CA9-A382F995F5B8}.Release|Any CPU.Build.0 = Release|Any CPU
		{2A395E4A-5B00-4864-BF73-46E2AA22FDB4}.Debug|Any CPU.ActiveCfg = Debug|Any CPU
		{2A395E4A-5B00-4864-BF73-46E2AA22FDB4}.Debug|Any CPU.Build.0 = Debug|Any CPU
		{2A395E4A-5B00-4864-BF73-46E2AA22FDB4}.Release|Any CPU.ActiveCfg = Release|Any CPU
		{2A395E4A-5B00-4864-BF73-46E2AA22FDB4}.Release|Any CPU.Build.0 = Release|Any CPU
		{19589C7B-95AB-4EE5-8DEB-D2DAE811A08B}.Debug|Any CPU.ActiveCfg = Debug|Any CPU
		{19589C7B-95AB-4EE5-8DEB-D2DAE811A08B}.Debug|Any CPU.Build.0 = Debug|Any CPU
		{19589C7B-95AB-4EE5-8DEB-D2DAE811A08B}.Release|Any CPU.ActiveCfg = Release|Any CPU
		{19589C7B-95AB-4EE5-8DEB-D2DAE811A08B}.Release|Any CPU.Build.0 = Release|Any CPU
		{3360974B-2AA0-49B9-961E-DFAB728316CA}.Debug|Any CPU.ActiveCfg = Debug|Any CPU
		{3360974B-2AA0-49B9-961E-DFAB728316CA}.Debug|Any CPU.Build.0 = Debug|Any CPU
		{3360974B-2AA0-49B9-961E-DFAB728316CA}.Release|Any CPU.ActiveCfg = Release|Any CPU
		{3360974B-2AA0-49B9-961E-DFAB728316CA}.Release|Any CPU.Build.0 = Release|Any CPU
		{62C32E05-A6BA-401F-BB75-11536FBA9023}.Debug|Any CPU.ActiveCfg = Debug|Any CPU
		{62C32E05-A6BA-401F-BB75-11536FBA9023}.Debug|Any CPU.Build.0 = Debug|Any CPU
		{62C32E05-A6BA-401F-BB75-11536FBA9023}.Release|Any CPU.ActiveCfg = Release|Any CPU
		{62C32E05-A6BA-401F-BB75-11536FBA9023}.Release|Any CPU.Build.0 = Release|Any CPU
		{D1C8FC7B-3CD7-410E-B899-EB6089D258B1}.Debug|Any CPU.ActiveCfg = Debug|Any CPU
		{D1C8FC7B-3CD7-410E-B899-EB6089D258B1}.Debug|Any CPU.Build.0 = Debug|Any CPU
		{D1C8FC7B-3CD7-410E-B899-EB6089D258B1}.Release|Any CPU.ActiveCfg = Release|Any CPU
		{D1C8FC7B-3CD7-410E-B899-EB6089D258B1}.Release|Any CPU.Build.0 = Release|Any CPU
		{62AF5E03-9657-4A6D-A7C3-2D1CE90308FE}.Debug|Any CPU.ActiveCfg = Debug|Any CPU
		{62AF5E03-9657-4A6D-A7C3-2D1CE90308FE}.Debug|Any CPU.Build.0 = Debug|Any CPU
		{62AF5E03-9657-4A6D-A7C3-2D1CE90308FE}.Release|Any CPU.ActiveCfg = Release|Any CPU
		{62AF5E03-9657-4A6D-A7C3-2D1CE90308FE}.Release|Any CPU.Build.0 = Release|Any CPU
		{8FBB5177-49E2-45DA-A7BE-E40E47615AB4}.Debug|Any CPU.ActiveCfg = Debug|Any CPU
		{8FBB5177-49E2-45DA-A7BE-E40E47615AB4}.Debug|Any CPU.Build.0 = Debug|Any CPU
		{8FBB5177-49E2-45DA-A7BE-E40E47615AB4}.Release|Any CPU.ActiveCfg = Release|Any CPU
		{8FBB5177-49E2-45DA-A7BE-E40E47615AB4}.Release|Any CPU.Build.0 = Release|Any CPU
		{39615DD2-4903-4079-9E33-303F8CAD0082}.Debug|Any CPU.ActiveCfg = Debug|Any CPU
		{39615DD2-4903-4079-9E33-303F8CAD0082}.Debug|Any CPU.Build.0 = Debug|Any CPU
		{39615DD2-4903-4079-9E33-303F8CAD0082}.Release|Any CPU.ActiveCfg = Release|Any CPU
		{39615DD2-4903-4079-9E33-303F8CAD0082}.Release|Any CPU.Build.0 = Release|Any CPU
		{8371E04B-BDB2-4EF1-8E38-85FB325BC7BF}.Debug|Any CPU.ActiveCfg = Debug|Any CPU
		{8371E04B-BDB2-4EF1-8E38-85FB325BC7BF}.Debug|Any CPU.Build.0 = Debug|Any CPU
		{8371E04B-BDB2-4EF1-8E38-85FB325BC7BF}.Release|Any CPU.ActiveCfg = Release|Any CPU
		{8371E04B-BDB2-4EF1-8E38-85FB325BC7BF}.Release|Any CPU.Build.0 = Release|Any CPU
		{BB5AFC3E-69C4-46B6-AEAC-CF4423FFA134}.Debug|Any CPU.ActiveCfg = Debug|Any CPU
		{BB5AFC3E-69C4-46B6-AEAC-CF4423FFA134}.Debug|Any CPU.Build.0 = Debug|Any CPU
		{BB5AFC3E-69C4-46B6-AEAC-CF4423FFA134}.Release|Any CPU.ActiveCfg = Release|Any CPU
		{BB5AFC3E-69C4-46B6-AEAC-CF4423FFA134}.Release|Any CPU.Build.0 = Release|Any CPU
		{6D6AD3EB-80BD-4281-A352-0F469DEAFCE4}.Debug|Any CPU.ActiveCfg = Debug|Any CPU
		{6D6AD3EB-80BD-4281-A352-0F469DEAFCE4}.Debug|Any CPU.Build.0 = Debug|Any CPU
		{6D6AD3EB-80BD-4281-A352-0F469DEAFCE4}.Release|Any CPU.ActiveCfg = Release|Any CPU
		{6D6AD3EB-80BD-4281-A352-0F469DEAFCE4}.Release|Any CPU.Build.0 = Release|Any CPU
		{750C3856-99DF-44A1-B28F-FED197232C94}.Debug|Any CPU.ActiveCfg = Debug|Any CPU
		{750C3856-99DF-44A1-B28F-FED197232C94}.Debug|Any CPU.Build.0 = Debug|Any CPU
		{750C3856-99DF-44A1-B28F-FED197232C94}.Release|Any CPU.ActiveCfg = Release|Any CPU
		{750C3856-99DF-44A1-B28F-FED197232C94}.Release|Any CPU.Build.0 = Release|Any CPU
	EndGlobalSection
	GlobalSection(SolutionProperties) = preSolution
		HideSolutionNode = FALSE
	EndGlobalSection
	GlobalSection(NestedProjects) = preSolution
		{87CE476D-0406-4873-BCA0-7A13AF30978E} = {62B98B3F-634C-4AF3-B03F-97F13FC478BC}
		{986F2CC5-6FD7-4244-AC2C-E114F8B07F5B} = {62B98B3F-634C-4AF3-B03F-97F13FC478BC}
		{3F4FDBD3-2457-4139-A51F-2E3308CAF874} = {62B98B3F-634C-4AF3-B03F-97F13FC478BC}
		{6191F786-BCCB-4C12-87C7-51FF838F4226} = {62B98B3F-634C-4AF3-B03F-97F13FC478BC}
		{0CC14F63-ADA5-45E0-98A4-637D5540D403} = {62B98B3F-634C-4AF3-B03F-97F13FC478BC}
		{57483BA0-7062-4853-ABC7-465A2915FDAF} = {62B98B3F-634C-4AF3-B03F-97F13FC478BC}
		{C3CC2803-356A-4348-9CA9-A382F995F5B8} = {62B98B3F-634C-4AF3-B03F-97F13FC478BC}
		{2A395E4A-5B00-4864-BF73-46E2AA22FDB4} = {62B98B3F-634C-4AF3-B03F-97F13FC478BC}
		{19589C7B-95AB-4EE5-8DEB-D2DAE811A08B} = {62B98B3F-634C-4AF3-B03F-97F13FC478BC}
		{3360974B-2AA0-49B9-961E-DFAB728316CA} = {62B98B3F-634C-4AF3-B03F-97F13FC478BC}
		{74EB5325-51E9-431C-825B-B8400E49522E} = {62B98B3F-634C-4AF3-B03F-97F13FC478BC}
		{62C32E05-A6BA-401F-BB75-11536FBA9023} = {74EB5325-51E9-431C-825B-B8400E49522E}
		{D1C8FC7B-3CD7-410E-B899-EB6089D258B1} = {74EB5325-51E9-431C-825B-B8400E49522E}
		{62AF5E03-9657-4A6D-A7C3-2D1CE90308FE} = {62B98B3F-634C-4AF3-B03F-97F13FC478BC}
		{8FBB5177-49E2-45DA-A7BE-E40E47615AB4} = {62B98B3F-634C-4AF3-B03F-97F13FC478BC}
		{39615DD2-4903-4079-9E33-303F8CAD0082} = {62B98B3F-634C-4AF3-B03F-97F13FC478BC}
		{8371E04B-BDB2-4EF1-8E38-85FB325BC7BF} = {62B98B3F-634C-4AF3-B03F-97F13FC478BC}
		{BB5AFC3E-69C4-46B6-AEAC-CF4423FFA134} = {62B98B3F-634C-4AF3-B03F-97F13FC478BC}
		{6D6AD3EB-80BD-4281-A352-0F469DEAFCE4} = {62B98B3F-634C-4AF3-B03F-97F13FC478BC}
		{750C3856-99DF-44A1-B28F-FED197232C94} = {62B98B3F-634C-4AF3-B03F-97F13FC478BC}
	EndGlobalSection
EndGlobal
